
Microsoft Visual Studio Solution File, Format Version 12.00
# Visual Studio 14
VisualStudioVersion = 14.0.25123.0
MinimumVisualStudioVersion = 10.0.40219.1
Project("{FAE04EC0-301F-11D3-BF4B-00C04F79EFBC}") = "WebApplication", "WebServices.WebApplication\WebApplication.csproj", "{3B546886-F0E7-4D2A-B274-3C8A8BF3DBA6}"
	ProjectSection(ProjectDependencies) = postProject
		{8C3E90A7-0BC3-427D-8D97-88020CB98840} = {8C3E90A7-0BC3-427D-8D97-88020CB98840}
	EndProjectSection
EndProject
Project("{FAE04EC0-301F-11D3-BF4B-00C04F79EFBC}") = "WebService", "WebService\WebService.csproj", "{8C3E90A7-0BC3-427D-8D97-88020CB98840}"
EndProject
Global
	GlobalSection(SolutionConfigurationPlatforms) = preSolution
		Debug|Any CPU = Debug|Any CPU
		Release|Any CPU = Release|Any CPU
	EndGlobalSection
	GlobalSection(ProjectConfigurationPlatforms) = postSolution
		{3B546886-F0E7-4D2A-B274-3C8A8BF3DBA6}.Debug|Any CPU.ActiveCfg = Debug|Any CPU
		{3B546886-F0E7-4D2A-B274-3C8A8BF3DBA6}.Debug|Any CPU.Build.0 = Debug|Any CPU
		{3B546886-F0E7-4D2A-B274-3C8A8BF3DBA6}.Release|Any CPU.ActiveCfg = Release|Any CPU
		{3B546886-F0E7-4D2A-B274-3C8A8BF3DBA6}.Release|Any CPU.Build.0 = Release|Any CPU
		{8C3E90A7-0BC3-427D-8D97-88020CB98840}.Debug|Any CPU.ActiveCfg = Debug|Any CPU
		{8C3E90A7-0BC3-427D-8D97-88020CB98840}.Debug|Any CPU.Build.0 = Debug|Any CPU
		{8C3E90A7-0BC3-427D-8D97-88020CB98840}.Release|Any CPU.ActiveCfg = Release|Any CPU
		{8C3E90A7-0BC3-427D-8D97-88020CB98840}.Release|Any CPU.Build.0 = Release|Any CPU
	EndGlobalSection
	GlobalSection(SolutionProperties) = preSolution
		HideSolutionNode = FALSE
	EndGlobalSection
EndGlobal
